
Microsoft Visual Studio Solution File, Format Version 12.00
# Visual Studio Version 17
VisualStudioVersion = 17.8.34525.116
MinimumVisualStudioVersion = 10.0.40219.1
Project("{2150E333-8FDC-42A3-9474-1A3956D46DE8}") = "Infrastructure", "Infrastructure", "{FEA038D7-CEFC-4D5A-8D51-6CF7562A6F91}"
EndProject
Project("{2150E333-8FDC-42A3-9474-1A3956D46DE8}") = "Domain", "Domain", "{2D7C8407-F9C8-4C03-8877-FF16117B1F25}"
EndProject
Project("{2150E333-8FDC-42A3-9474-1A3956D46DE8}") = "UI", "UI", "{2D1539EE-6BEA-4B8C-A4A4-5226DC2C254E}"
EndProject
Project("{2150E333-8FDC-42A3-9474-1A3956D46DE8}") = "Test", "Test", "{99807CE5-2A68-48C4-A053-0450DEA0ECA4}"
EndProject
Project("{2150E333-8FDC-42A3-9474-1A3956D46DE8}") = "Archive", "Archive", "{B45E0164-EE67-449E-A1E2-6B8D19EB1DFD}"
EndProject
Project("{9A19103F-16F7-4668-BE54-9A1E7A4F7556}") = "BlogGenerator", "src\Ui\BlogGenerator\BlogGenerator.csproj", "{337CF376-6E7F-4D4B-853B-15891790853A}"
EndProject
Project("{9A19103F-16F7-4668-BE54-9A1E7A4F7556}") = "PrintGenerater", "src\Ui\PrintGenerater\PrintGenerater.csproj", "{D8D12986-3E2C-4655-9AB9-A45611E6ED0B}"
EndProject
Project("{9A19103F-16F7-4668-BE54-9A1E7A4F7556}") = "PrintSiteBuilder", "src\Ui\PrintSiteBuilder\PrintSiteBuilder.csproj", "{77295614-D06D-4920-8832-ADA29612F977}"
EndProject
Project("{9A19103F-16F7-4668-BE54-9A1E7A4F7556}") = "TempriApi", "src\Ui\TempriApi\TempriApi.csproj", "{00B23E8F-2271-4244-A2C2-C44FC3AC5CF9}"
EndProject
Project("{9A19103F-16F7-4668-BE54-9A1E7A4F7556}") = "TempriGenerator", "src\Ui\TempriGenerator\TempriGenerator.csproj", "{00A425F5-842E-4AE9-99B4-D640BD2699E2}"
EndProject
Project("{9A19103F-16F7-4668-BE54-9A1E7A4F7556}") = "AmazonSellerLibrary", "src\Infrastructure\AmazonSellerLibrary\AmazonSellerLibrary.csproj", "{31DA8880-EF7D-4514-A66D-5961113BFD05}"
EndProject
Project("{9A19103F-16F7-4668-BE54-9A1E7A4F7556}") = "ConsoleLibrary", "src\Infrastructure\ConsoleLibrary\ConsoleLibrary.csproj", "{48503BE5-6946-4462-866E-A2BBB3D33839}"
EndProject
Project("{9A19103F-16F7-4668-BE54-9A1E7A4F7556}") = "DocumentLibrary", "src\Infrastructure\DocumentLibrary\DocumentLibrary.csproj", "{9CF48DA3-28D5-4B5B-A2BF-BC54626F4DA5}"
EndProject
Project("{9A19103F-16F7-4668-BE54-9A1E7A4F7556}") = "ExplorerLibrary", "src\Infrastructure\ExplorerLibrary\ExplorerLibrary.csproj", "{96DD4342-9798-4426-BA6D-5F39B841CE4A}"
EndProject
Project("{9A19103F-16F7-4668-BE54-9A1E7A4F7556}") = "GoogleDriveLibrary", "src\Infrastructure\GoogleDriveLibrary\GoogleDriveLibrary.csproj", "{B085EB6A-1E46-48B0-B95C-6063659C45C2}"
EndProject
Project("{9A19103F-16F7-4668-BE54-9A1E7A4F7556}") = "GoogleSearchConsoleLibrary", "src\Infrastructure\GoogleSearchConsoleLibrary\GoogleSearchConsoleLibrary.csproj", "{A1680D9E-9A27-42B5-B4E1-6BE33ED25F30}"
EndProject
Project("{9A19103F-16F7-4668-BE54-9A1E7A4F7556}") = "GoogleSlideLibrary", "src\Infrastructure\GoogleSlideLibrary\GoogleSlideLibrary.csproj", "{377A2BB2-7EC1-46D4-8CDF-9F7E2BCE7B6E}"
EndProject
Project("{9A19103F-16F7-4668-BE54-9A1E7A4F7556}") = "GoogleTtsLibrary", "src\Infrastructure\GoogleTtsLibrary\GoogleTtsLibrary.csproj", "{3FFBD6A8-B77E-42D7-BA96-546576DE13ED}"
EndProject
Project("{9A19103F-16F7-4668-BE54-9A1E7A4F7556}") = "InkscapeLibrary", "src\Infrastructure\InkscapeLibrary\InkscapeLibrary.csproj", "{E87840E9-7B96-4799-BE19-2CEA71A094B9}"
EndProject
Project("{9A19103F-16F7-4668-BE54-9A1E7A4F7556}") = "LolipopLibrary", "src\Infrastructure\LolipopLibrary\LolipopLibrary.csproj", "{3680D07C-884C-4E0E-9EAF-58036D180350}"
EndProject
Project("{9A19103F-16F7-4668-BE54-9A1E7A4F7556}") = "MysqlLibrary", "src\Infrastructure\MysqlLibrary\MysqlLibrary.csproj", "{15B5622D-2A7E-4778-AD05-4F9E35B8B56E}"
EndProject
Project("{9A19103F-16F7-4668-BE54-9A1E7A4F7556}") = "NotionLibrary", "src\Infrastructure\NotionLibrary\NotionLibrary.csproj", "{7C53447D-E59A-4BF3-9806-C8909EBE6464}"
EndProject
Project("{9A19103F-16F7-4668-BE54-9A1E7A4F7556}") = "SellerServiceLibrary", "src\Infrastructure\SellerServiceLibrary\SellerServiceLibrary.csproj", "{C2F23367-3B04-4FED-8145-8B67A7E41B73}"
EndProject
Project("{9A19103F-16F7-4668-BE54-9A1E7A4F7556}") = "SpreadSheetLibrary", "src\Infrastructure\SpreadSheetLibrary\SpreadSheetLibrary.csproj", "{311BD9DC-A13C-4BC9-84DA-DBB5BA9ADD9A}"
EndProject
Project("{9A19103F-16F7-4668-BE54-9A1E7A4F7556}") = "SqliteLibrary", "src\Infrastructure\SqliteLibrary\SqliteLibrary.csproj", "{80457294-78EC-4A49-BB1E-962B98123703}"
EndProject
Project("{9A19103F-16F7-4668-BE54-9A1E7A4F7556}") = "XeLatexLibrary", "src\Infrastructure\XeLatexLibrary\XeLatexLibrary.csproj", "{4884F3B8-0423-4AAF-AFFD-8367E19041B7}"
EndProject
Project("{2150E333-8FDC-42A3-9474-1A3956D46DE8}") = "Application", "Application", "{A1E602E7-CE1D-4290-80FF-530991A72309}"
EndProject
Project("{9A19103F-16F7-4668-BE54-9A1E7A4F7556}") = "BlogDomain", "src\Domain\BlogDomain\BlogDomain.csproj", "{538F76B1-8900-481D-8EFD-EE19E6BB0580}"
EndProject
Project("{9A19103F-16F7-4668-BE54-9A1E7A4F7556}") = "TempriDomain", "src\Domain\TempriDomain\TempriDomain.csproj", "{3BAE1EE8-37CF-4A53-BAD8-3658FACAC726}"
EndProject
Project("{9A19103F-16F7-4668-BE54-9A1E7A4F7556}") = "TrainingDomain", "src\Domain\TrainingDomain\TrainingDomain.csproj", "{64C11DC3-5769-41E0-971E-70F5068F9C1A}"
EndProject
Project("{9A19103F-16F7-4668-BE54-9A1E7A4F7556}") = "CoincheckDomain", "src\Domain\CoincheckDomain\CoincheckDomain.csproj", "{0E888ACB-986C-40A0-BC3B-02052D61A7B8}"
EndProject
Project("{9A19103F-16F7-4668-BE54-9A1E7A4F7556}") = "MathDomain", "src\Domain\MathDomain\MathDomain.csproj", "{85BEA19D-4D69-43C6-A5E0-8F78B66F80D7}"
EndProject
Project("{9A19103F-16F7-4668-BE54-9A1E7A4F7556}") = "LawTextDomain", "src\Domain\LawTextDomain\LawTextDomain.csproj", "{91E1FBC9-E549-4614-A36C-FEE6ECBE6794}"
EndProject
Project("{9A19103F-16F7-4668-BE54-9A1E7A4F7556}") = "PrintCoverGenerator", "src\Application\UseCases\PrintCoverTask\PrintCoverGenerator.csproj", "{4E066D57-78BA-4E0A-8607-DC302B1432E0}"
EndProject
Project("{2150E333-8FDC-42A3-9474-1A3956D46DE8}") = "UseCases", "UseCases", "{03AC65D1-7EB3-4DD4-A679-1E19005224D5}"
EndProject
Project("{2150E333-8FDC-42A3-9474-1A3956D46DE8}") = "Orchestras", "Orchestras", "{43C9B64F-8D7E-4406-BB88-2FCF118869CE}"
EndProject
Project("{9A19103F-16F7-4668-BE54-9A1E7A4F7556}") = "PrintHtmlGenerator", "src\Application\UseCases\PrintHtmlGenerator\PrintHtmlGenerator.csproj", "{240F4A86-A394-467C-876A-052CB4D2E2B3}"
EndProject
Project("{9A19103F-16F7-4668-BE54-9A1E7A4F7556}") = "PrintPdfGenerator", "src\Application\UseCases\PrintPdfGenerator\PrintPdfGenerator.csproj", "{2FDE9D7F-6471-4674-BA43-E16C69F1FC77}"
EndProject
Project("{9A19103F-16F7-4668-BE54-9A1E7A4F7556}") = "PrintQaOpener", "src\Application\UseCases\PrintQaOpener\PrintQaOpener.csproj", "{DE6C6A9D-B889-42C6-91D0-6813AA9AFA43}"
EndProject
Project("{9A19103F-16F7-4668-BE54-9A1E7A4F7556}") = "PrintSetupper", "src\Application\UseCases\PrintSetupper\PrintSetupper.csproj", "{82735BD1-8EDF-45A6-AA57-7618B5A6A238}"
EndProject
Project("{9A19103F-16F7-4668-BE54-9A1E7A4F7556}") = "PrintTexGenerator", "src\Application\UseCases\PrintTexGenerator\PrintTexGenerator.csproj", "{5EC42950-0F33-463B-AB91-66B6EA14C119}"
EndProject
Project("{9A19103F-16F7-4668-BE54-9A1E7A4F7556}") = "PrintUploader", "src\Application\UseCases\PrintUploader\PrintUploader.csproj", "{4946E54D-D318-4A47-BA39-DFF76526DE03}"
EndProject
Project("{9A19103F-16F7-4668-BE54-9A1E7A4F7556}") = "PrintWebPageGenerator", "src\Application\UseCases\PrintWebPageGenerator\PrintWebPageGenerator.csproj", "{C761E79E-5EE6-4B67-B893-9EFFECB9B859}"
EndProject
Project("{9A19103F-16F7-4668-BE54-9A1E7A4F7556}") = "PrintExecutionService", "src\Application\Orchestras\PrintExecutionService\PrintExecutionService.csproj", "{D6984607-7A00-4EC7-ACE7-1B215032E4D6}"
EndProject
Project("{FAE04EC0-301F-11D3-BF4B-00C04F79EFBC}") = "BatLibrary", "src\Infrastructure\BatLibrary\BatLibrary.csproj", "{42D406D8-F75D-44C2-A0AF-D1EC91A9F8B0}"
EndProject
Project("{2150E333-8FDC-42A3-9474-1A3956D46DE8}") = "Document", "Document", "{02EA681E-C7D8-13C7-8484-4AC65E1B71E8}"
	ProjectSection(SolutionItems) = preProject
		git.md = git.md
	EndProjectSection
EndProject
Global
	GlobalSection(SolutionConfigurationPlatforms) = preSolution
		Debug|Any CPU = Debug|Any CPU
		Release|Any CPU = Release|Any CPU
	EndGlobalSection
	GlobalSection(ProjectConfigurationPlatforms) = postSolution
		{337CF376-6E7F-4D4B-853B-15891790853A}.Debug|Any CPU.ActiveCfg = Debug|Any CPU
		{337CF376-6E7F-4D4B-853B-15891790853A}.Debug|Any CPU.Build.0 = Debug|Any CPU
		{337CF376-6E7F-4D4B-853B-15891790853A}.Release|Any CPU.ActiveCfg = Release|Any CPU
		{337CF376-6E7F-4D4B-853B-15891790853A}.Release|Any CPU.Build.0 = Release|Any CPU
		{D8D12986-3E2C-4655-9AB9-A45611E6ED0B}.Debug|Any CPU.ActiveCfg = Debug|Any CPU
		{D8D12986-3E2C-4655-9AB9-A45611E6ED0B}.Debug|Any CPU.Build.0 = Debug|Any CPU
		{D8D12986-3E2C-4655-9AB9-A45611E6ED0B}.Release|Any CPU.ActiveCfg = Release|Any CPU
		{D8D12986-3E2C-4655-9AB9-A45611E6ED0B}.Release|Any CPU.Build.0 = Release|Any CPU
		{77295614-D06D-4920-8832-ADA29612F977}.Debug|Any CPU.ActiveCfg = Debug|Any CPU
		{77295614-D06D-4920-8832-ADA29612F977}.Debug|Any CPU.Build.0 = Debug|Any CPU
		{77295614-D06D-4920-8832-ADA29612F977}.Release|Any CPU.ActiveCfg = Release|Any CPU
		{77295614-D06D-4920-8832-ADA29612F977}.Release|Any CPU.Build.0 = Release|Any CPU
		{00B23E8F-2271-4244-A2C2-C44FC3AC5CF9}.Debug|Any CPU.ActiveCfg = Debug|Any CPU
		{00B23E8F-2271-4244-A2C2-C44FC3AC5CF9}.Debug|Any CPU.Build.0 = Debug|Any CPU
		{00B23E8F-2271-4244-A2C2-C44FC3AC5CF9}.Release|Any CPU.ActiveCfg = Release|Any CPU
		{00B23E8F-2271-4244-A2C2-C44FC3AC5CF9}.Release|Any CPU.Build.0 = Release|Any CPU
		{00A425F5-842E-4AE9-99B4-D640BD2699E2}.Debug|Any CPU.ActiveCfg = Debug|Any CPU
		{00A425F5-842E-4AE9-99B4-D640BD2699E2}.Debug|Any CPU.Build.0 = Debug|Any CPU
		{00A425F5-842E-4AE9-99B4-D640BD2699E2}.Release|Any CPU.ActiveCfg = Release|Any CPU
		{00A425F5-842E-4AE9-99B4-D640BD2699E2}.Release|Any CPU.Build.0 = Release|Any CPU
		{31DA8880-EF7D-4514-A66D-5961113BFD05}.Debug|Any CPU.ActiveCfg = Debug|Any CPU
		{31DA8880-EF7D-4514-A66D-5961113BFD05}.Debug|Any CPU.Build.0 = Debug|Any CPU
		{31DA8880-EF7D-4514-A66D-5961113BFD05}.Release|Any CPU.ActiveCfg = Release|Any CPU
		{31DA8880-EF7D-4514-A66D-5961113BFD05}.Release|Any CPU.Build.0 = Release|Any CPU
		{48503BE5-6946-4462-866E-A2BBB3D33839}.Debug|Any CPU.ActiveCfg = Debug|Any CPU
		{48503BE5-6946-4462-866E-A2BBB3D33839}.Debug|Any CPU.Build.0 = Debug|Any CPU
		{48503BE5-6946-4462-866E-A2BBB3D33839}.Release|Any CPU.ActiveCfg = Release|Any CPU
		{48503BE5-6946-4462-866E-A2BBB3D33839}.Release|Any CPU.Build.0 = Release|Any CPU
		{9CF48DA3-28D5-4B5B-A2BF-BC54626F4DA5}.Debug|Any CPU.ActiveCfg = Debug|Any CPU
		{9CF48DA3-28D5-4B5B-A2BF-BC54626F4DA5}.Debug|Any CPU.Build.0 = Debug|Any CPU
		{9CF48DA3-28D5-4B5B-A2BF-BC54626F4DA5}.Release|Any CPU.ActiveCfg = Release|Any CPU
		{9CF48DA3-28D5-4B5B-A2BF-BC54626F4DA5}.Release|Any CPU.Build.0 = Release|Any CPU
		{96DD4342-9798-4426-BA6D-5F39B841CE4A}.Debug|Any CPU.ActiveCfg = Debug|Any CPU
		{96DD4342-9798-4426-BA6D-5F39B841CE4A}.Debug|Any CPU.Build.0 = Debug|Any CPU
		{96DD4342-9798-4426-BA6D-5F39B841CE4A}.Release|Any CPU.ActiveCfg = Release|Any CPU
		{96DD4342-9798-4426-BA6D-5F39B841CE4A}.Release|Any CPU.Build.0 = Release|Any CPU
		{B085EB6A-1E46-48B0-B95C-6063659C45C2}.Debug|Any CPU.ActiveCfg = Debug|Any CPU
		{B085EB6A-1E46-48B0-B95C-6063659C45C2}.Debug|Any CPU.Build.0 = Debug|Any CPU
		{B085EB6A-1E46-48B0-B95C-6063659C45C2}.Release|Any CPU.ActiveCfg = Release|Any CPU
		{B085EB6A-1E46-48B0-B95C-6063659C45C2}.Release|Any CPU.Build.0 = Release|Any CPU
		{A1680D9E-9A27-42B5-B4E1-6BE33ED25F30}.Debug|Any CPU.ActiveCfg = Debug|Any CPU
		{A1680D9E-9A27-42B5-B4E1-6BE33ED25F30}.Debug|Any CPU.Build.0 = Debug|Any CPU
		{A1680D9E-9A27-42B5-B4E1-6BE33ED25F30}.Release|Any CPU.ActiveCfg = Release|Any CPU
		{A1680D9E-9A27-42B5-B4E1-6BE33ED25F30}.Release|Any CPU.Build.0 = Release|Any CPU
		{377A2BB2-7EC1-46D4-8CDF-9F7E2BCE7B6E}.Debug|Any CPU.ActiveCfg = Debug|Any CPU
		{377A2BB2-7EC1-46D4-8CDF-9F7E2BCE7B6E}.Debug|Any CPU.Build.0 = Debug|Any CPU
		{377A2BB2-7EC1-46D4-8CDF-9F7E2BCE7B6E}.Release|Any CPU.ActiveCfg = Release|Any CPU
		{377A2BB2-7EC1-46D4-8CDF-9F7E2BCE7B6E}.Release|Any CPU.Build.0 = Release|Any CPU
		{3FFBD6A8-B77E-42D7-BA96-546576DE13ED}.Debug|Any CPU.ActiveCfg = Debug|Any CPU
		{3FFBD6A8-B77E-42D7-BA96-546576DE13ED}.Debug|Any CPU.Build.0 = Debug|Any CPU
		{3FFBD6A8-B77E-42D7-BA96-546576DE13ED}.Release|Any CPU.ActiveCfg = Release|Any CPU
		{3FFBD6A8-B77E-42D7-BA96-546576DE13ED}.Release|Any CPU.Build.0 = Release|Any CPU
		{E87840E9-7B96-4799-BE19-2CEA71A094B9}.Debug|Any CPU.ActiveCfg = Debug|Any CPU
		{E87840E9-7B96-4799-BE19-2CEA71A094B9}.Debug|Any CPU.Build.0 = Debug|Any CPU
		{E87840E9-7B96-4799-BE19-2CEA71A094B9}.Release|Any CPU.ActiveCfg = Release|Any CPU
		{E87840E9-7B96-4799-BE19-2CEA71A094B9}.Release|Any CPU.Build.0 = Release|Any CPU
		{3680D07C-884C-4E0E-9EAF-58036D180350}.Debug|Any CPU.ActiveCfg = Debug|Any CPU
		{3680D07C-884C-4E0E-9EAF-58036D180350}.Debug|Any CPU.Build.0 = Debug|Any CPU
		{3680D07C-884C-4E0E-9EAF-58036D180350}.Release|Any CPU.ActiveCfg = Release|Any CPU
		{3680D07C-884C-4E0E-9EAF-58036D180350}.Release|Any CPU.Build.0 = Release|Any CPU
		{15B5622D-2A7E-4778-AD05-4F9E35B8B56E}.Debug|Any CPU.ActiveCfg = Debug|Any CPU
		{15B5622D-2A7E-4778-AD05-4F9E35B8B56E}.Debug|Any CPU.Build.0 = Debug|Any CPU
		{15B5622D-2A7E-4778-AD05-4F9E35B8B56E}.Release|Any CPU.ActiveCfg = Release|Any CPU
		{15B5622D-2A7E-4778-AD05-4F9E35B8B56E}.Release|Any CPU.Build.0 = Release|Any CPU
		{7C53447D-E59A-4BF3-9806-C8909EBE6464}.Debug|Any CPU.ActiveCfg = Debug|Any CPU
		{7C53447D-E59A-4BF3-9806-C8909EBE6464}.Debug|Any CPU.Build.0 = Debug|Any CPU
		{7C53447D-E59A-4BF3-9806-C8909EBE6464}.Release|Any CPU.ActiveCfg = Release|Any CPU
		{7C53447D-E59A-4BF3-9806-C8909EBE6464}.Release|Any CPU.Build.0 = Release|Any CPU
		{C2F23367-3B04-4FED-8145-8B67A7E41B73}.Debug|Any CPU.ActiveCfg = Debug|Any CPU
		{C2F23367-3B04-4FED-8145-8B67A7E41B73}.Debug|Any CPU.Build.0 = Debug|Any CPU
		{C2F23367-3B04-4FED-8145-8B67A7E41B73}.Release|Any CPU.ActiveCfg = Release|Any CPU
		{C2F23367-3B04-4FED-8145-8B67A7E41B73}.Release|Any CPU.Build.0 = Release|Any CPU
		{311BD9DC-A13C-4BC9-84DA-DBB5BA9ADD9A}.Debug|Any CPU.ActiveCfg = Debug|Any CPU
		{311BD9DC-A13C-4BC9-84DA-DBB5BA9ADD9A}.Debug|Any CPU.Build.0 = Debug|Any CPU
		{311BD9DC-A13C-4BC9-84DA-DBB5BA9ADD9A}.Release|Any CPU.ActiveCfg = Release|Any CPU
		{311BD9DC-A13C-4BC9-84DA-DBB5BA9ADD9A}.Release|Any CPU.Build.0 = Release|Any CPU
		{80457294-78EC-4A49-BB1E-962B98123703}.Debug|Any CPU.ActiveCfg = Debug|Any CPU
		{80457294-78EC-4A49-BB1E-962B98123703}.Debug|Any CPU.Build.0 = Debug|Any CPU
		{80457294-78EC-4A49-BB1E-962B98123703}.Release|Any CPU.ActiveCfg = Release|Any CPU
		{80457294-78EC-4A49-BB1E-962B98123703}.Release|Any CPU.Build.0 = Release|Any CPU
		{4884F3B8-0423-4AAF-AFFD-8367E19041B7}.Debug|Any CPU.ActiveCfg = Debug|Any CPU
		{4884F3B8-0423-4AAF-AFFD-8367E19041B7}.Debug|Any CPU.Build.0 = Debug|Any CPU
		{4884F3B8-0423-4AAF-AFFD-8367E19041B7}.Release|Any CPU.ActiveCfg = Release|Any CPU
		{4884F3B8-0423-4AAF-AFFD-8367E19041B7}.Release|Any CPU.Build.0 = Release|Any CPU
		{538F76B1-8900-481D-8EFD-EE19E6BB0580}.Debug|Any CPU.ActiveCfg = Debug|Any CPU
		{538F76B1-8900-481D-8EFD-EE19E6BB0580}.Debug|Any CPU.Build.0 = Debug|Any CPU
		{538F76B1-8900-481D-8EFD-EE19E6BB0580}.Release|Any CPU.ActiveCfg = Release|Any CPU
		{538F76B1-8900-481D-8EFD-EE19E6BB0580}.Release|Any CPU.Build.0 = Release|Any CPU
		{3BAE1EE8-37CF-4A53-BAD8-3658FACAC726}.Debug|Any CPU.ActiveCfg = Debug|Any CPU
		{3BAE1EE8-37CF-4A53-BAD8-3658FACAC726}.Debug|Any CPU.Build.0 = Debug|Any CPU
		{3BAE1EE8-37CF-4A53-BAD8-3658FACAC726}.Release|Any CPU.ActiveCfg = Release|Any CPU
		{3BAE1EE8-37CF-4A53-BAD8-3658FACAC726}.Release|Any CPU.Build.0 = Release|Any CPU
		{64C11DC3-5769-41E0-971E-70F5068F9C1A}.Debug|Any CPU.ActiveCfg = Debug|Any CPU
		{64C11DC3-5769-41E0-971E-70F5068F9C1A}.Debug|Any CPU.Build.0 = Debug|Any CPU
		{64C11DC3-5769-41E0-971E-70F5068F9C1A}.Release|Any CPU.ActiveCfg = Release|Any CPU
		{64C11DC3-5769-41E0-971E-70F5068F9C1A}.Release|Any CPU.Build.0 = Release|Any CPU
		{0E888ACB-986C-40A0-BC3B-02052D61A7B8}.Debug|Any CPU.ActiveCfg = Debug|Any CPU
		{0E888ACB-986C-40A0-BC3B-02052D61A7B8}.Debug|Any CPU.Build.0 = Debug|Any CPU
		{0E888ACB-986C-40A0-BC3B-02052D61A7B8}.Release|Any CPU.ActiveCfg = Release|Any CPU
		{0E888ACB-986C-40A0-BC3B-02052D61A7B8}.Release|Any CPU.Build.0 = Release|Any CPU
		{85BEA19D-4D69-43C6-A5E0-8F78B66F80D7}.Debug|Any CPU.ActiveCfg = Debug|Any CPU
		{85BEA19D-4D69-43C6-A5E0-8F78B66F80D7}.Debug|Any CPU.Build.0 = Debug|Any CPU
		{85BEA19D-4D69-43C6-A5E0-8F78B66F80D7}.Release|Any CPU.ActiveCfg = Release|Any CPU
		{85BEA19D-4D69-43C6-A5E0-8F78B66F80D7}.Release|Any CPU.Build.0 = Release|Any CPU
		{91E1FBC9-E549-4614-A36C-FEE6ECBE6794}.Debug|Any CPU.ActiveCfg = Debug|Any CPU
		{91E1FBC9-E549-4614-A36C-FEE6ECBE6794}.Debug|Any CPU.Build.0 = Debug|Any CPU
		{91E1FBC9-E549-4614-A36C-FEE6ECBE6794}.Release|Any CPU.ActiveCfg = Release|Any CPU
		{91E1FBC9-E549-4614-A36C-FEE6ECBE6794}.Release|Any CPU.Build.0 = Release|Any CPU
		{4E066D57-78BA-4E0A-8607-DC302B1432E0}.Debug|Any CPU.ActiveCfg = Debug|Any CPU
		{4E066D57-78BA-4E0A-8607-DC302B1432E0}.Debug|Any CPU.Build.0 = Debug|Any CPU
		{4E066D57-78BA-4E0A-8607-DC302B1432E0}.Release|Any CPU.ActiveCfg = Release|Any CPU
		{4E066D57-78BA-4E0A-8607-DC302B1432E0}.Release|Any CPU.Build.0 = Release|Any CPU
		{240F4A86-A394-467C-876A-052CB4D2E2B3}.Debug|Any CPU.ActiveCfg = Debug|Any CPU
		{240F4A86-A394-467C-876A-052CB4D2E2B3}.Debug|Any CPU.Build.0 = Debug|Any CPU
		{240F4A86-A394-467C-876A-052CB4D2E2B3}.Release|Any CPU.ActiveCfg = Release|Any CPU
		{240F4A86-A394-467C-876A-052CB4D2E2B3}.Release|Any CPU.Build.0 = Release|Any CPU
		{2FDE9D7F-6471-4674-BA43-E16C69F1FC77}.Debug|Any CPU.ActiveCfg = Debug|Any CPU
		{2FDE9D7F-6471-4674-BA43-E16C69F1FC77}.Debug|Any CPU.Build.0 = Debug|Any CPU
		{2FDE9D7F-6471-4674-BA43-E16C69F1FC77}.Release|Any CPU.ActiveCfg = Release|Any CPU
		{2FDE9D7F-6471-4674-BA43-E16C69F1FC77}.Release|Any CPU.Build.0 = Release|Any CPU
		{DE6C6A9D-B889-42C6-91D0-6813AA9AFA43}.Debug|Any CPU.ActiveCfg = Debug|Any CPU
		{DE6C6A9D-B889-42C6-91D0-6813AA9AFA43}.Debug|Any CPU.Build.0 = Debug|Any CPU
		{DE6C6A9D-B889-42C6-91D0-6813AA9AFA43}.Release|Any CPU.ActiveCfg = Release|Any CPU
		{DE6C6A9D-B889-42C6-91D0-6813AA9AFA43}.Release|Any CPU.Build.0 = Release|Any CPU
		{82735BD1-8EDF-45A6-AA57-7618B5A6A238}.Debug|Any CPU.ActiveCfg = Debug|Any CPU
		{82735BD1-8EDF-45A6-AA57-7618B5A6A238}.Debug|Any CPU.Build.0 = Debug|Any CPU
		{82735BD1-8EDF-45A6-AA57-7618B5A6A238}.Release|Any CPU.ActiveCfg = Release|Any CPU
		{82735BD1-8EDF-45A6-AA57-7618B5A6A238}.Release|Any CPU.Build.0 = Release|Any CPU
		{5EC42950-0F33-463B-AB91-66B6EA14C119}.Debug|Any CPU.ActiveCfg = Debug|Any CPU
		{5EC42950-0F33-463B-AB91-66B6EA14C119}.Debug|Any CPU.Build.0 = Debug|Any CPU
		{5EC42950-0F33-463B-AB91-66B6EA14C119}.Release|Any CPU.ActiveCfg = Release|Any CPU
		{5EC42950-0F33-463B-AB91-66B6EA14C119}.Release|Any CPU.Build.0 = Release|Any CPU
		{4946E54D-D318-4A47-BA39-DFF76526DE03}.Debug|Any CPU.ActiveCfg = Debug|Any CPU
		{4946E54D-D318-4A47-BA39-DFF76526DE03}.Debug|Any CPU.Build.0 = Debug|Any CPU
		{4946E54D-D318-4A47-BA39-DFF76526DE03}.Release|Any CPU.ActiveCfg = Release|Any CPU
		{4946E54D-D318-4A47-BA39-DFF76526DE03}.Release|Any CPU.Build.0 = Release|Any CPU
		{C761E79E-5EE6-4B67-B893-9EFFECB9B859}.Debug|Any CPU.ActiveCfg = Debug|Any CPU
		{C761E79E-5EE6-4B67-B893-9EFFECB9B859}.Debug|Any CPU.Build.0 = Debug|Any CPU
		{C761E79E-5EE6-4B67-B893-9EFFECB9B859}.Release|Any CPU.ActiveCfg = Release|Any CPU
		{C761E79E-5EE6-4B67-B893-9EFFECB9B859}.Release|Any CPU.Build.0 = Release|Any CPU
		{D6984607-7A00-4EC7-ACE7-1B215032E4D6}.Debug|Any CPU.ActiveCfg = Debug|Any CPU
		{D6984607-7A00-4EC7-ACE7-1B215032E4D6}.Debug|Any CPU.Build.0 = Debug|Any CPU
		{D6984607-7A00-4EC7-ACE7-1B215032E4D6}.Release|Any CPU.ActiveCfg = Release|Any CPU
		{D6984607-7A00-4EC7-ACE7-1B215032E4D6}.Release|Any CPU.Build.0 = Release|Any CPU
		{42D406D8-F75D-44C2-A0AF-D1EC91A9F8B0}.Debug|Any CPU.ActiveCfg = Debug|Any CPU
		{42D406D8-F75D-44C2-A0AF-D1EC91A9F8B0}.Debug|Any CPU.Build.0 = Debug|Any CPU
		{42D406D8-F75D-44C2-A0AF-D1EC91A9F8B0}.Release|Any CPU.ActiveCfg = Release|Any CPU
		{42D406D8-F75D-44C2-A0AF-D1EC91A9F8B0}.Release|Any CPU.Build.0 = Release|Any CPU
	EndGlobalSection
	GlobalSection(SolutionProperties) = preSolution
		HideSolutionNode = FALSE
	EndGlobalSection
	GlobalSection(NestedProjects) = preSolution
		{337CF376-6E7F-4D4B-853B-15891790853A} = {2D1539EE-6BEA-4B8C-A4A4-5226DC2C254E}
		{D8D12986-3E2C-4655-9AB9-A45611E6ED0B} = {2D1539EE-6BEA-4B8C-A4A4-5226DC2C254E}
		{77295614-D06D-4920-8832-ADA29612F977} = {2D1539EE-6BEA-4B8C-A4A4-5226DC2C254E}
		{00B23E8F-2271-4244-A2C2-C44FC3AC5CF9} = {2D1539EE-6BEA-4B8C-A4A4-5226DC2C254E}
		{00A425F5-842E-4AE9-99B4-D640BD2699E2} = {2D1539EE-6BEA-4B8C-A4A4-5226DC2C254E}
		{31DA8880-EF7D-4514-A66D-5961113BFD05} = {FEA038D7-CEFC-4D5A-8D51-6CF7562A6F91}
		{48503BE5-6946-4462-866E-A2BBB3D33839} = {FEA038D7-CEFC-4D5A-8D51-6CF7562A6F91}
		{9CF48DA3-28D5-4B5B-A2BF-BC54626F4DA5} = {FEA038D7-CEFC-4D5A-8D51-6CF7562A6F91}
		{96DD4342-9798-4426-BA6D-5F39B841CE4A} = {FEA038D7-CEFC-4D5A-8D51-6CF7562A6F91}
		{B085EB6A-1E46-48B0-B95C-6063659C45C2} = {FEA038D7-CEFC-4D5A-8D51-6CF7562A6F91}
		{A1680D9E-9A27-42B5-B4E1-6BE33ED25F30} = {FEA038D7-CEFC-4D5A-8D51-6CF7562A6F91}
		{377A2BB2-7EC1-46D4-8CDF-9F7E2BCE7B6E} = {FEA038D7-CEFC-4D5A-8D51-6CF7562A6F91}
		{3FFBD6A8-B77E-42D7-BA96-546576DE13ED} = {FEA038D7-CEFC-4D5A-8D51-6CF7562A6F91}
		{E87840E9-7B96-4799-BE19-2CEA71A094B9} = {FEA038D7-CEFC-4D5A-8D51-6CF7562A6F91}
		{3680D07C-884C-4E0E-9EAF-58036D180350} = {FEA038D7-CEFC-4D5A-8D51-6CF7562A6F91}
		{15B5622D-2A7E-4778-AD05-4F9E35B8B56E} = {FEA038D7-CEFC-4D5A-8D51-6CF7562A6F91}
		{7C53447D-E59A-4BF3-9806-C8909EBE6464} = {FEA038D7-CEFC-4D5A-8D51-6CF7562A6F91}
		{C2F23367-3B04-4FED-8145-8B67A7E41B73} = {FEA038D7-CEFC-4D5A-8D51-6CF7562A6F91}
		{311BD9DC-A13C-4BC9-84DA-DBB5BA9ADD9A} = {FEA038D7-CEFC-4D5A-8D51-6CF7562A6F91}
		{80457294-78EC-4A49-BB1E-962B98123703} = {FEA038D7-CEFC-4D5A-8D51-6CF7562A6F91}
		{4884F3B8-0423-4AAF-AFFD-8367E19041B7} = {FEA038D7-CEFC-4D5A-8D51-6CF7562A6F91}
		{538F76B1-8900-481D-8EFD-EE19E6BB0580} = {2D7C8407-F9C8-4C03-8877-FF16117B1F25}
		{3BAE1EE8-37CF-4A53-BAD8-3658FACAC726} = {2D7C8407-F9C8-4C03-8877-FF16117B1F25}
		{64C11DC3-5769-41E0-971E-70F5068F9C1A} = {2D7C8407-F9C8-4C03-8877-FF16117B1F25}
		{0E888ACB-986C-40A0-BC3B-02052D61A7B8} = {2D7C8407-F9C8-4C03-8877-FF16117B1F25}
		{85BEA19D-4D69-43C6-A5E0-8F78B66F80D7} = {2D7C8407-F9C8-4C03-8877-FF16117B1F25}
		{91E1FBC9-E549-4614-A36C-FEE6ECBE6794} = {2D7C8407-F9C8-4C03-8877-FF16117B1F25}
		{4E066D57-78BA-4E0A-8607-DC302B1432E0} = {03AC65D1-7EB3-4DD4-A679-1E19005224D5}
		{03AC65D1-7EB3-4DD4-A679-1E19005224D5} = {A1E602E7-CE1D-4290-80FF-530991A72309}
		{43C9B64F-8D7E-4406-BB88-2FCF118869CE} = {A1E602E7-CE1D-4290-80FF-530991A72309}
		{240F4A86-A394-467C-876A-052CB4D2E2B3} = {03AC65D1-7EB3-4DD4-A679-1E19005224D5}
		{2FDE9D7F-6471-4674-BA43-E16C69F1FC77} = {03AC65D1-7EB3-4DD4-A679-1E19005224D5}
		{DE6C6A9D-B889-42C6-91D0-6813AA9AFA43} = {03AC65D1-7EB3-4DD4-A679-1E19005224D5}
		{82735BD1-8EDF-45A6-AA57-7618B5A6A238} = {03AC65D1-7EB3-4DD4-A679-1E19005224D5}
		{5EC42950-0F33-463B-AB91-66B6EA14C119} = {03AC65D1-7EB3-4DD4-A679-1E19005224D5}
		{4946E54D-D318-4A47-BA39-DFF76526DE03} = {03AC65D1-7EB3-4DD4-A679-1E19005224D5}
		{C761E79E-5EE6-4B67-B893-9EFFECB9B859} = {03AC65D1-7EB3-4DD4-A679-1E19005224D5}
		{D6984607-7A00-4EC7-ACE7-1B215032E4D6} = {43C9B64F-8D7E-4406-BB88-2FCF118869CE}
		{42D406D8-F75D-44C2-A0AF-D1EC91A9F8B0} = {FEA038D7-CEFC-4D5A-8D51-6CF7562A6F91}
	EndGlobalSection
	GlobalSection(ExtensibilityGlobals) = postSolution
		SolutionGuid = {5BBB74A4-8673-45E0-AE31-6C915A621438}
	EndGlobalSection
EndGlobal
